
Microsoft Visual Studio Solution File, Format Version 12.00
# Visual Studio Version 16
VisualStudioVersion = 16.0.31729.503
MinimumVisualStudioVersion = 10.0.40219.1
Project("{FAE04EC0-301F-11D3-BF4B-00C04F79EFBC}") = "ServerConfigRest_113_MuhammadFajarS", "ServerConfigRest_113_MuhammadFajarS\ServerConfigRest_113_MuhammadFajarS.csproj", "{0FEC01D2-ABCF-4732-9168-D3076914B458}"
EndProject
Global
	GlobalSection(SolutionConfigurationPlatforms) = preSolution
		Debug|Any CPU = Debug|Any CPU
		Release|Any CPU = Release|Any CPU
	EndGlobalSection
	GlobalSection(ProjectConfigurationPlatforms) = postSolution
		{0FEC01D2-ABCF-4732-9168-D3076914B458}.Debug|Any CPU.ActiveCfg = Debug|Any CPU
		{0FEC01D2-ABCF-4732-9168-D3076914B458}.Debug|Any CPU.Build.0 = Debug|Any CPU
		{0FEC01D2-ABCF-4732-9168-D3076914B458}.Release|Any CPU.ActiveCfg = Release|Any CPU
		{0FEC01D2-ABCF-4732-9168-D3076914B458}.Release|Any CPU.Build.0 = Release|Any CPU
	EndGlobalSection
	GlobalSection(SolutionProperties) = preSolution
		HideSolutionNode = FALSE
	EndGlobalSection
	GlobalSection(ExtensibilityGlobals) = postSolution
		SolutionGuid = {720E42AE-B2FF-4F84-B552-41C9B00BF918}
	EndGlobalSection
EndGlobal
